
Microsoft Visual Studio Solution File, Format Version 12.00
# Visual Studio Version 16
VisualStudioVersion = 16.0.30204.135
MinimumVisualStudioVersion = 10.0.40219.1
Project("{FAE04EC0-301F-11D3-BF4B-00C04F79EFBC}") = "01_pocuprograming", "01_pocuprograming\01_pocuprograming.csproj", "{BBB006AD-6B84-4F68-8E3E-D64B14BE140B}"
EndProject
Project("{FAE04EC0-301F-11D3-BF4B-00C04F79EFBC}") = "02_COMMENT", "02_COMMENT\02_COMMENT.csproj", "{84673AB0-9B25-4443-8160-EF88C0D3A48A}"
EndProject
Project("{FAE04EC0-301F-11D3-BF4B-00C04F79EFBC}") = "03_PrimitiveTypesToBinary", "03_PrimitiveTypesToBinary\03_PrimitiveTypesToBinary.csproj", "{1BC748F5-FB5A-4BF0-B476-9951E943F4BE}"
EndProject
Project("{FAE04EC0-301F-11D3-BF4B-00C04F79EFBC}") = "04_Variables", "04_Variables\04_Variables.csproj", "{329D0B88-32FA-489F-94DF-441FDDFDA7E1}"
EndProject
Project("{FAE04EC0-301F-11D3-BF4B-00C04F79EFBC}") = "05_ASCIICodeHelloWorld", "05_ASCIICodeHelloWorld\05_ASCIICodeHelloWorld.csproj", "{9F2122B7-4C45-449A-8B8E-C175C104443E}"
EndProject
Project("{FAE04EC0-301F-11D3-BF4B-00C04F79EFBC}") = "06_BitFlag", "06_BitFlag\06_BitFlag.csproj", "{413AEEDD-333E-44A8-9336-E0A57889A8FD}"
EndProject
Project("{FAE04EC0-301F-11D3-BF4B-00C04F79EFBC}") = "07_BitwiseMultiplicationAndDividation", "07_BitwiseMultiplicationAndDividation\07_BitwiseMultiplicationAndDividation.csproj", "{FB06B915-ECFF-430A-894A-8B3A9641CC36}"
EndProject
Project("{FAE04EC0-301F-11D3-BF4B-00C04F79EFBC}") = "08_Calculator", "08_Calculator\08_Calculator.csproj", "{16FFFDB0-CB3E-4389-AD2A-41356B09AF5D}"
EndProject
Project("{FAE04EC0-301F-11D3-BF4B-00C04F79EFBC}") = "09_IncrementAndDecrementOperators", "09_IncrementAndDecrementOperators\09_IncrementAndDecrementOperators.csproj", "{65BD1519-8EB1-4656-B50F-6755F8791E99}"
EndProject
Project("{FAE04EC0-301F-11D3-BF4B-00C04F79EFBC}") = "10_InsertStudentInformation", "10_InsertStudentInformation\10_InsertStudentInformation.csproj", "{D86E47F5-06D9-4C67-ABCB-048BF1C218CD}"
EndProject
Project("{FAE04EC0-301F-11D3-BF4B-00C04F79EFBC}") = "11_StringInterpolation", "11_StringInterpolation\11_StringInterpolation.csproj", "{07EA9DC3-913B-45CF-B323-8CA05D909D1C}"
EndProject
Project("{FAE04EC0-301F-11D3-BF4B-00C04F79EFBC}") = "12_TypeConversion", "12_TypeConversion\12_TypeConversion.csproj", "{C675A94D-A259-4DC9-B566-A4A294B7A3F0}"
EndProject
Global
	GlobalSection(SolutionConfigurationPlatforms) = preSolution
		Debug|Any CPU = Debug|Any CPU
		Release|Any CPU = Release|Any CPU
	EndGlobalSection
	GlobalSection(ProjectConfigurationPlatforms) = postSolution
		{BBB006AD-6B84-4F68-8E3E-D64B14BE140B}.Debug|Any CPU.ActiveCfg = Debug|Any CPU
		{BBB006AD-6B84-4F68-8E3E-D64B14BE140B}.Debug|Any CPU.Build.0 = Debug|Any CPU
		{BBB006AD-6B84-4F68-8E3E-D64B14BE140B}.Release|Any CPU.ActiveCfg = Release|Any CPU
		{BBB006AD-6B84-4F68-8E3E-D64B14BE140B}.Release|Any CPU.Build.0 = Release|Any CPU
		{84673AB0-9B25-4443-8160-EF88C0D3A48A}.Debug|Any CPU.ActiveCfg = Debug|Any CPU
		{84673AB0-9B25-4443-8160-EF88C0D3A48A}.Debug|Any CPU.Build.0 = Debug|Any CPU
		{84673AB0-9B25-4443-8160-EF88C0D3A48A}.Release|Any CPU.ActiveCfg = Release|Any CPU
		{84673AB0-9B25-4443-8160-EF88C0D3A48A}.Release|Any CPU.Build.0 = Release|Any CPU
		{1BC748F5-FB5A-4BF0-B476-9951E943F4BE}.Debug|Any CPU.ActiveCfg = Debug|Any CPU
		{1BC748F5-FB5A-4BF0-B476-9951E943F4BE}.Debug|Any CPU.Build.0 = Debug|Any CPU
		{1BC748F5-FB5A-4BF0-B476-9951E943F4BE}.Release|Any CPU.ActiveCfg = Release|Any CPU
		{1BC748F5-FB5A-4BF0-B476-9951E943F4BE}.Release|Any CPU.Build.0 = Release|Any CPU
		{329D0B88-32FA-489F-94DF-441FDDFDA7E1}.Debug|Any CPU.ActiveCfg = Debug|Any CPU
		{329D0B88-32FA-489F-94DF-441FDDFDA7E1}.Debug|Any CPU.Build.0 = Debug|Any CPU
		{329D0B88-32FA-489F-94DF-441FDDFDA7E1}.Release|Any CPU.ActiveCfg = Release|Any CPU
		{329D0B88-32FA-489F-94DF-441FDDFDA7E1}.Release|Any CPU.Build.0 = Release|Any CPU
		{9F2122B7-4C45-449A-8B8E-C175C104443E}.Debug|Any CPU.ActiveCfg = Debug|Any CPU
		{9F2122B7-4C45-449A-8B8E-C175C104443E}.Debug|Any CPU.Build.0 = Debug|Any CPU
		{9F2122B7-4C45-449A-8B8E-C175C104443E}.Release|Any CPU.ActiveCfg = Release|Any CPU
		{9F2122B7-4C45-449A-8B8E-C175C104443E}.Release|Any CPU.Build.0 = Release|Any CPU
		{413AEEDD-333E-44A8-9336-E0A57889A8FD}.Debug|Any CPU.ActiveCfg = Debug|Any CPU
		{413AEEDD-333E-44A8-9336-E0A57889A8FD}.Debug|Any CPU.Build.0 = Debug|Any CPU
		{413AEEDD-333E-44A8-9336-E0A57889A8FD}.Release|Any CPU.ActiveCfg = Release|Any CPU
		{413AEEDD-333E-44A8-9336-E0A57889A8FD}.Release|Any CPU.Build.0 = Release|Any CPU
		{FB06B915-ECFF-430A-894A-8B3A9641CC36}.Debug|Any CPU.ActiveCfg = Debug|Any CPU
		{FB06B915-ECFF-430A-894A-8B3A9641CC36}.Debug|Any CPU.Build.0 = Debug|Any CPU
		{FB06B915-ECFF-430A-894A-8B3A9641CC36}.Release|Any CPU.ActiveCfg = Release|Any CPU
		{FB06B915-ECFF-430A-894A-8B3A9641CC36}.Release|Any CPU.Build.0 = Release|Any CPU
		{16FFFDB0-CB3E-4389-AD2A-41356B09AF5D}.Debug|Any CPU.ActiveCfg = Debug|Any CPU
		{16FFFDB0-CB3E-4389-AD2A-41356B09AF5D}.Debug|Any CPU.Build.0 = Debug|Any CPU
		{16FFFDB0-CB3E-4389-AD2A-41356B09AF5D}.Release|Any CPU.ActiveCfg = Release|Any CPU
		{16FFFDB0-CB3E-4389-AD2A-41356B09AF5D}.Release|Any CPU.Build.0 = Release|Any CPU
		{65BD1519-8EB1-4656-B50F-6755F8791E99}.Debug|Any CPU.ActiveCfg = Debug|Any CPU
		{65BD1519-8EB1-4656-B50F-6755F8791E99}.Debug|Any CPU.Build.0 = Debug|Any CPU
		{65BD1519-8EB1-4656-B50F-6755F8791E99}.Release|Any CPU.ActiveCfg = Release|Any CPU
		{65BD1519-8EB1-4656-B50F-6755F8791E99}.Release|Any CPU.Build.0 = Release|Any CPU
		{D86E47F5-06D9-4C67-ABCB-048BF1C218CD}.Debug|Any CPU.ActiveCfg = Debug|Any CPU
		{D86E47F5-06D9-4C67-ABCB-048BF1C218CD}.Debug|Any CPU.Build.0 = Debug|Any CPU
		{D86E47F5-06D9-4C67-ABCB-048BF1C218CD}.Release|Any CPU.ActiveCfg = Release|Any CPU
		{D86E47F5-06D9-4C67-ABCB-048BF1C218CD}.Release|Any CPU.Build.0 = Release|Any CPU
		{07EA9DC3-913B-45CF-B323-8CA05D909D1C}.Debug|Any CPU.ActiveCfg = Debug|Any CPU
		{07EA9DC3-913B-45CF-B323-8CA05D909D1C}.Debug|Any CPU.Build.0 = Debug|Any CPU
		{07EA9DC3-913B-45CF-B323-8CA05D909D1C}.Release|Any CPU.ActiveCfg = Release|Any CPU
		{07EA9DC3-913B-45CF-B323-8CA05D909D1C}.Release|Any CPU.Build.0 = Release|Any CPU
		{C675A94D-A259-4DC9-B566-A4A294B7A3F0}.Debug|Any CPU.ActiveCfg = Debug|Any CPU
		{C675A94D-A259-4DC9-B566-A4A294B7A3F0}.Debug|Any CPU.Build.0 = Debug|Any CPU
		{C675A94D-A259-4DC9-B566-A4A294B7A3F0}.Release|Any CPU.ActiveCfg = Release|Any CPU
		{C675A94D-A259-4DC9-B566-A4A294B7A3F0}.Release|Any CPU.Build.0 = Release|Any CPU
	EndGlobalSection
	GlobalSection(SolutionProperties) = preSolution
		HideSolutionNode = FALSE
	EndGlobalSection
	GlobalSection(ExtensibilityGlobals) = postSolution
		SolutionGuid = {021F3737-EC41-4C37-9441-B165AD2D32E0}
	EndGlobalSection
EndGlobal
